// !$*UTF8*$!
{
	archiveVersion = 1;
	classes = {
	};
	objectVersion = 46;
	objects = {

/* Begin PBXBuildFile section */
		0243723F79AFB5A659BADDA2 /* main.m in Sources */ = {isa = PBXBuildFile; fileRef = 3C8465526F59EF8BC04114B4 /* main.m */; };
		04ADB237B5F4D0DEDC38F19D /* UIButtonCB.m in Sources */ = {isa = PBXBuildFile; fileRef = 7D3B8E55D88A5198061EF0F3 /* UIButtonCB.m */; };
		0FBE1EB43489EAA7E4B52C58 /* MainWindow.xib in Resources */ = {isa = PBXBuildFile; fileRef = 668C046B68172FBD576A73CD /* MainWindow.xib */; };
		13192A5B76A959B214FC0EBB /* UIKit.framework in Frameworks */ = {isa = PBXBuildFile; fileRef = 9C7775CAC966E2C23B0B746E /* UIKit.framework */; };
		8DC15D2AEAEEE6A33CEC8BE9 /* CoreGraphics.framework in Frameworks */ = {isa = PBXBuildFile; fileRef = A0C9886F228B0D8E78158152 /* CoreGraphics.framework */; };
		98D5FD3DCF1383744B8CB8E6 /* slime in Resources */ = {isa = PBXBuildFile; fileRef = BBD6A3C505940196D1FF854A /* slime */; };
		9FE4935BA4C896E3BF3A03FF /* ecl_boot.c in Sources */ = {isa = PBXBuildFile; fileRef = A2A09AD79C76FF96B1457674 /* ecl_boot.c */; };
		C199CFC418C66707E3B6A392 /* eclshellAppDelegate.m in Sources */ = {isa = PBXBuildFile; fileRef = 347B3546B34231545FE1402E /* eclshellAppDelegate.m */; };
		C5097E4D9D4F83B16BE89FC7 /* init.lisp in Resources */ = {isa = PBXBuildFile; fileRef = B6AD473E5409F02914ABF961 /* init.lisp */; };
		C68F1DB398137822E4F584BB /* Icon.png in Resources */ = {isa = PBXBuildFile; fileRef = 68C68B64D9CFDC919E71F039 /* Icon.png */; };
		ED6FFACB373189773D408814 /* Foundation.framework in Frameworks */ = {isa = PBXBuildFile; fileRef = 0812A6B72C77060E1DA6FD0B /* Foundation.framework */; };
/* End PBXBuildFile section */

/* Begin PBXFileReference section */
		0812A6B72C77060E1DA6FD0B /* Foundation.framework */ = {isa = PBXFileReference; lastKnownFileType = wrapper.framework; name = Foundation.framework; path = System/Library/Frameworks/Foundation.framework; sourceTree = SDKROOT; };
		209C24B2F683D41C5A531393 /* eclshell.app */ = {isa = PBXFileReference; explicitFileType = wrapper.application; includeInIndex = 0; path = eclshell.app; sourceTree = BUILT_PRODUCTS_DIR; };
		32EABC1BCC72795A68F9391A /* ecl_boot.h */ = {isa = PBXFileReference; lastKnownFileType = sourcecode.c.h; path = ecl_boot.h; sourceTree = "<group>"; };
		347B3546B34231545FE1402E /* eclshellAppDelegate.m */ = {isa = PBXFileReference; lastKnownFileType = sourcecode.c.objc; path = eclshellAppDelegate.m; sourceTree = "<group>"; };
		3C8465526F59EF8BC04114B4 /* main.m */ = {isa = PBXFileReference; lastKnownFileType = sourcecode.c.objc; path = main.m; sourceTree = "<group>"; };
		4131DF8CD12F83603FD723AA /* eclshellAppDelegate.h */ = {isa = PBXFileReference; lastKnownFileType = sourcecode.c.h; path = eclshellAppDelegate.h; sourceTree = "<group>"; };
		465AF1298708A906FFC9ED2F /* eclshell-Prefix.pch */ = {isa = PBXFileReference; lastKnownFileType = text; path = "eclshell-Prefix.pch"; sourceTree = "<group>"; };
		66716F5E97AB5C4DEC6D7287 /* UIButtonCB.h */ = {isa = PBXFileReference; lastKnownFileType = sourcecode.c.h; path = UIButtonCB.h; sourceTree = "<group>"; };
		668C046B68172FBD576A73CD /* MainWindow.xib */ = {isa = PBXFileReference; lastKnownFileType = file.xib; path = MainWindow.xib; sourceTree = "<group>"; };
		68C68B64D9CFDC919E71F039 /* Icon.png */ = {isa = PBXFileReference; lastKnownFileType = image.png; path = Icon.png; sourceTree = "<group>"; };
		7D3B8E55D88A5198061EF0F3 /* UIButtonCB.m */ = {isa = PBXFileReference; lastKnownFileType = sourcecode.c.objc; path = UIButtonCB.m; sourceTree = "<group>"; };
		9C7775CAC966E2C23B0B746E /* UIKit.framework */ = {isa = PBXFileReference; lastKnownFileType = wrapper.framework; name = UIKit.framework; path = System/Library/Frameworks/UIKit.framework; sourceTree = SDKROOT; };
		A0C9886F228B0D8E78158152 /* CoreGraphics.framework */ = {isa = PBXFileReference; lastKnownFileType = wrapper.framework; name = CoreGraphics.framework; path = System/Library/Frameworks/CoreGraphics.framework; sourceTree = SDKROOT; };
		A2A09AD79C76FF96B1457674 /* ecl_boot.c */ = {isa = PBXFileReference; lastKnownFileType = sourcecode.c.c; path = ecl_boot.c; sourceTree = "<group>"; };
		B6AD473E5409F02914ABF961 /* init.lisp */ = {isa = PBXFileReference; lastKnownFileType = text; path = init.lisp; sourceTree = "<group>"; };
		B7DD5DA7F6F7B48B7924969C /* common.gypi */ = {isa = PBXFileReference; lastKnownFileType = text; name = common.gypi; path = ../../utils/gyp_includes/common.gypi; sourceTree = "<group>"; };
		BBD6A3C505940196D1FF854A /* slime */ = {isa = PBXFileReference; lastKnownFileType = text; path = slime; sourceTree = "<group>"; };
		F25DF1DB1EA31298130BF195 /* common_ecl.gypi */ = {isa = PBXFileReference; lastKnownFileType = text; name = common_ecl.gypi; path = ../../utils/gyp_includes/common_ecl.gypi; sourceTree = "<group>"; };
		F6AF8DE7746FB93A279BA376 /* eclshell.gyp */ = {isa = PBXFileReference; lastKnownFileType = text; path = eclshell.gyp; sourceTree = "<group>"; };
/* End PBXFileReference section */

/* Begin PBXFrameworksBuildPhase section */
		DDB0D14E1F520453F00445BA /* Frameworks */ = {
			isa = PBXFrameworksBuildPhase;
			buildActionMask = 2147483647;
			files = (
				ED6FFACB373189773D408814 /* Foundation.framework in Frameworks */,
				13192A5B76A959B214FC0EBB /* UIKit.framework in Frameworks */,
				8DC15D2AEAEEE6A33CEC8BE9 /* CoreGraphics.framework in Frameworks */,
			);
			runOnlyForDeploymentPostprocessing = 0;
		};
/* End PBXFrameworksBuildPhase section */

/* Begin PBXGroup section */
		1B05FA1E635448B2732487A7 /* ../.. */ = {
			isa = PBXGroup;
			children = (
				BBD6A3C505940196D1FF854A /* slime */,
			);
			path = ../..;
			sourceTree = "<group>";
		};
		20BF9E40310CF32509123591 /* Build */ = {
			isa = PBXGroup;
			children = (
				B7DD5DA7F6F7B48B7924969C /* common.gypi */,
				F25DF1DB1EA31298130BF195 /* common_ecl.gypi */,
				F6AF8DE7746FB93A279BA376 /* eclshell.gyp */,
			);
			name = Build;
			sourceTree = "<group>";
		};
		558549B5B74ACA2C2DE6AC66 /* Source */ = {
			isa = PBXGroup;
			children = (
				1B05FA1E635448B2732487A7 /* ../.. */,
				5EA0E0E4E91C277911BC5255 /* Classes */,
				68C68B64D9CFDC919E71F039 /* Icon.png */,
				668C046B68172FBD576A73CD /* MainWindow.xib */,
				A2A09AD79C76FF96B1457674 /* ecl_boot.c */,
				32EABC1BCC72795A68F9391A /* ecl_boot.h */,
				465AF1298708A906FFC9ED2F /* eclshell-Prefix.pch */,
				B6AD473E5409F02914ABF961 /* init.lisp */,
				3C8465526F59EF8BC04114B4 /* main.m */,
			);
			name = Source;
			sourceTree = "<group>";
		};
		5EA0E0E4E91C277911BC5255 /* Classes */ = {
			isa = PBXGroup;
			children = (
				66716F5E97AB5C4DEC6D7287 /* UIButtonCB.h */,
				7D3B8E55D88A5198061EF0F3 /* UIButtonCB.m */,
				4131DF8CD12F83603FD723AA /* eclshellAppDelegate.h */,
				347B3546B34231545FE1402E /* eclshellAppDelegate.m */,
			);
			path = Classes;
			sourceTree = "<group>";
		};
		70505059C918406D1736CED6 /* Frameworks */ = {
			isa = PBXGroup;
			children = (
				A0C9886F228B0D8E78158152 /* CoreGraphics.framework */,
				0812A6B72C77060E1DA6FD0B /* Foundation.framework */,
				9C7775CAC966E2C23B0B746E /* UIKit.framework */,
			);
			name = Frameworks;
			sourceTree = "<group>";
		};
		C167CC23ED46BB31B15C0363 /* Products */ = {
			isa = PBXGroup;
			children = (
				209C24B2F683D41C5A531393 /* eclshell.app */,
			);
			name = Products;
			sourceTree = "<group>";
		};
		F3FBA59B7CBC504F95A82B36 = {
			isa = PBXGroup;
			children = (
				558549B5B74ACA2C2DE6AC66 /* Source */,
				70505059C918406D1736CED6 /* Frameworks */,
				C167CC23ED46BB31B15C0363 /* Products */,
				20BF9E40310CF32509123591 /* Build */,
			);
			sourceTree = "<group>";
		};
/* End PBXGroup section */

/* Begin PBXNativeTarget section */
		8F35AE208F784D190770E21C /* All */ = {
			isa = PBXNativeTarget;
			buildConfigurationList = FA123908CDF1BB5DF2475F93 /* Build configuration list for PBXNativeTarget "All" */;
			buildPhases = (
				2F93D1723E860FC883596B06 /* Resources */,
				8A031D633C218B4DD9295521 /* Sources */,
				DDB0D14E1F520453F00445BA /* Frameworks */,
			);
			buildRules = (
			);
			dependencies = (
			);
			name = All;
			productName = eclshell;
			productReference = 209C24B2F683D41C5A531393 /* eclshell.app */;
			productType = "com.apple.product-type.application";
		};
/* End PBXNativeTarget section */

/* Begin PBXProject section */
		8DDA502B2376C2186B3035BF /* Project object */ = {
			isa = PBXProject;
			attributes = {
				BuildIndependentTargetsInParallel = YES;
			};
			buildConfigurationList = 8F44EF44BB8ECE85DB6F8E92 /* Build configuration list for PBXProject "eclshell" */;
			compatibilityVersion = "Xcode 3.2";
			developmentRegion = English;
			hasScannedForEncodings = 1;
			knownRegions = (
				en,
			);
			mainGroup = F3FBA59B7CBC504F95A82B36;
			projectDirPath = "";
			projectRoot = "";
			targets = (
				8F35AE208F784D190770E21C /* All */,
			);
		};
/* End PBXProject section */

/* Begin PBXResourcesBuildPhase section */
		2F93D1723E860FC883596B06 /* Resources */ = {
			isa = PBXResourcesBuildPhase;
			buildActionMask = 2147483647;
			files = (
				C68F1DB398137822E4F584BB /* Icon.png in Resources */,
				0FBE1EB43489EAA7E4B52C58 /* MainWindow.xib in Resources */,
				C5097E4D9D4F83B16BE89FC7 /* init.lisp in Resources */,
				98D5FD3DCF1383744B8CB8E6 /* slime in Resources */,
			);
			runOnlyForDeploymentPostprocessing = 0;
		};
/* End PBXResourcesBuildPhase section */

/* Begin PBXSourcesBuildPhase section */
		8A031D633C218B4DD9295521 /* Sources */ = {
			isa = PBXSourcesBuildPhase;
			buildActionMask = 2147483647;
			files = (
				C199CFC418C66707E3B6A392 /* eclshellAppDelegate.m in Sources */,
				04ADB237B5F4D0DEDC38F19D /* UIButtonCB.m in Sources */,
				0243723F79AFB5A659BADDA2 /* main.m in Sources */,
				9FE4935BA4C896E3BF3A03FF /* ecl_boot.c in Sources */,
			);
			runOnlyForDeploymentPostprocessing = 0;
		};
/* End PBXSourcesBuildPhase section */

/* Begin XCBuildConfiguration section */
		99C44F8CC9F3FE1E436A1CB5 /* Release_Base */ = {
			isa = XCBuildConfiguration;
			buildSettings = {
				INTERMEDIATE_DIR = "$(PROJECT_DERIVED_FILE_DIR)/$(CONFIGURATION)";
				SHARED_INTERMEDIATE_DIR = "$(SYMROOT)/DerivedSources/$(CONFIGURATION)";
			};
			name = Release_Base;
		};
		F5D9CE2BAE6517A21082AF2B /* Release_Base */ = {
			isa = XCBuildConfiguration;
			buildSettings = {
				ALWAYS_SEARCH_USER_PATHS = NO;
				ARCHS = "$(ARCHS_UNIVERSAL_IPHONE_OS)";
				CLANG_ENABLE_OBJC_ARC = NO;
				CLANG_LINK_OBJC_RUNTIME = NO;
				"CODE_SIGN_IDENTITY[sdk=iphoneos*]" = "iPhone Developer";
				DEPLOYMENT_POSTPROCESSING = YES;
				GCC_CW_ASM_SYNTAX = NO;
				GCC_C_LANGUAGE_STANDARD = c99;
				GCC_ENABLE_CPP_EXCEPTIONS = NO;
				GCC_ENABLE_CPP_RTTI = NO;
				GCC_ENABLE_PASCAL_STRINGS = NO;
				GCC_INLINES_ARE_PRIVATE_EXTERN = YES;
				GCC_OBJC_CALL_CXX_CDTORS = YES;
				GCC_PRECOMPILE_PREFIX_HEADER = YES;
				GCC_PREFIX_HEADER = "./eclshell-Prefix.pch";
				GCC_SYMBOLS_PRIVATE_EXTERN = YES;
				GCC_THREADSAFE_STATICS = NO;
				GCC_TREAT_WARNINGS_AS_ERRORS = YES;
				GCC_WARN_ABOUT_MISSING_NEWLINE = YES;
				HEADER_SEARCH_PATHS = (
					/opt/ecl/iPhoneUniversal/include,
					/opt/gmp/iPhoneUniversal/include,
					.,
				);
				INFOPLIST_FILE = "./eclshell-Info.plist";
				IPHONEOS_DEPLOYMENT_TARGET = 4.3;
				LIBRARY_SEARCH_PATHS = "$(SDKROOT)/System/Library/Frameworks";
				OTHER_LDFLAGS = (
					"-L/opt/ecl/iPhoneUniversal/lib",
					"-L/opt/ecl/iPhoneUniversal/lib/ecl-12.7.1",
					"-L/opt/gmp/iPhoneUniversal/lib",
					"-lasdf",
					"-ldeflate",
					"-ldefsystem",
					"-lecl-cdb",
					"-lecl-curl",
					"-lecl-help",
					"-lecl-quicklisp",
					"-lprofile",
					"-lql-minitar",
					"-lrt",
					"-lsb-bsd-sockets",
					"-lserve-event",
					"-lsockets",
					"-lecl",
					"-leclatomic",
					"-leclffi",
					"-leclgc",
					"-lgmp",
					"-L.",
					"-leclshell",
				);
				PRODUCT_NAME = eclshell;
				SDKROOT = iphoneos;
				STRIP_INSTALLED_PRODUCT = YES;
				TARGETED_DEVICE_FAMILY = 1;
				USE_HEADERMAP = NO;
				WRAPPER_PREFIX = "";
			};
			name = Release_Base;
		};
/* End XCBuildConfiguration section */

/* Begin XCConfigurationList section */
		8F44EF44BB8ECE85DB6F8E92 /* Build configuration list for PBXProject "eclshell" */ = {
			isa = XCConfigurationList;
			buildConfigurations = (
				99C44F8CC9F3FE1E436A1CB5 /* Release_Base */,
			);
			defaultConfigurationIsVisible = 1;
			defaultConfigurationName = Release_Base;
		};
		FA123908CDF1BB5DF2475F93 /* Build configuration list for PBXNativeTarget "All" */ = {
			isa = XCConfigurationList;
			buildConfigurations = (
				F5D9CE2BAE6517A21082AF2B /* Release_Base */,
			);
			defaultConfigurationIsVisible = 1;
			defaultConfigurationName = Release_Base;
		};
/* End XCConfigurationList section */
	};
	rootObject = 8DDA502B2376C2186B3035BF /* Project object */;
}
