// !$*UTF8*$!
{
	archiveVersion = 1;
	classes = {
	};
	objectVersion = 46;
	objects = {

/* Begin PBXAggregateTarget section */
		7CE374150F92352DB04990D1 /* All Support */ = {
			isa = PBXAggregateTarget;
			buildConfigurationList = 06B885FAEC1C63100533E83F /* Build configuration list for PBXAggregateTarget "All Support" */;
			buildPhases = (
				154B4A8AAA0CFD0A858C390E /* Action "genlibiphone" */,
			);
			dependencies = (
				FDD69E388AD16A205EF9B85A /* PBXTargetDependency */,
			);
			name = "All Support";
			productName = "eclshell Support";
		};
/* End PBXAggregateTarget section */

/* Begin PBXBuildFile section */
		11CE2CD55552216CB871D1D6 /* help.doc in Resources */ = {isa = PBXBuildFile; fileRef = B34E96A5E76D776D24F142CE /* help.doc */; };
		234C1C0FB8D839474AFA8B66 /* Icon.png in Resources */ = {isa = PBXBuildFile; fileRef = 68C68B64D9CFDC919E71F039 /* Icon.png */; };
		361CF588E522FDDFBF2EF553 /* OpenGLES.framework in Frameworks */ = {isa = PBXBuildFile; fileRef = EB068470A7C3F140E8C315A0 /* OpenGLES.framework */; };
		457E24673B9D416CF448DB37 /* slime in Resources */ = {isa = PBXBuildFile; fileRef = BBD6A3C505940196D1FF854A /* slime */; };
		4C47C3D6678A07BB08F77015 /* eclshellAppDelegate.m in Sources */ = {isa = PBXBuildFile; fileRef = 347B3546B34231545FE1402E /* eclshellAppDelegate.m */; };
		4E96C5CE3F3F6D308C7C9860 /* Foundation.framework in Frameworks */ = {isa = PBXBuildFile; fileRef = 0812A6B72C77060E1DA6FD0B /* Foundation.framework */; };
		584B76F2BE3151BAABCCC3A9 /* main.m in Sources */ = {isa = PBXBuildFile; fileRef = 3C8465526F59EF8BC04114B4 /* main.m */; };
		5ABDDD452476DD5E143CD656 /* GLKit.framework in Frameworks */ = {isa = PBXBuildFile; fileRef = 302A967485A6A4AA46DCCA46 /* GLKit.framework */; };
		678B07A153CB4AED6F4A61CA /* libiphone_ios_universal.a in Frameworks */ = {isa = PBXBuildFile; fileRef = 71961E12E2CB0E780BDC7FE5 /* libiphone_ios_universal.a */; };
		7AF875E7C8A956B7A16329C0 /* ecl_boot.c in Sources */ = {isa = PBXBuildFile; fileRef = A2A09AD79C76FF96B1457674 /* ecl_boot.c */; };
		8001569B64C8BD1D19EC0BF2 /* init.lisp in Resources */ = {isa = PBXBuildFile; fileRef = B6AD473E5409F02914ABF961 /* init.lisp */; };
		80870A1E31806EDD9BA5678F /* libiphone.a in Frameworks */ = {isa = PBXBuildFile; fileRef = AA6A6F51657C2698F8AF1BD3 /* libiphone.a */; };
		80AE244F072BB6ED913C1A69 /* libiphone_ios_universal.a in Copy to $(INTERMEDIATE_DIR)/ */ = {isa = PBXBuildFile; fileRef = 141A3E5057D26D6E314C1890 /* libiphone_ios_universal.a */; };
		A1E34085D5068B372F553343 /* CoreGraphics.framework in Frameworks */ = {isa = PBXBuildFile; fileRef = A0C9886F228B0D8E78158152 /* CoreGraphics.framework */; };
		A69FBAC8A017091C3B4F81ED /* MainWindow.xib in Resources */ = {isa = PBXBuildFile; fileRef = 668C046B68172FBD576A73CD /* MainWindow.xib */; };
		FF91951B89CC8E1A6258C271 /* UIKit.framework in Frameworks */ = {isa = PBXBuildFile; fileRef = 9C7775CAC966E2C23B0B746E /* UIKit.framework */; };
/* End PBXBuildFile section */

/* Begin PBXContainerItemProxy section */
		2C5E16FC8B6C456D8A3C69F9 /* PBXContainerItemProxy */ = {
			isa = PBXContainerItemProxy;
			containerPortal = 06BE603D4E2C2C106672A72E /* libiphone.xcodeproj */;
			proxyType = 1;
			remoteGlobalIDString = DF9EFCE07E9B268B2E0F33E0;
			remoteInfo = All;
		};
		8D9217416A58D5433011ACF5 /* PBXContainerItemProxy */ = {
			isa = PBXContainerItemProxy;
			containerPortal = 06BE603D4E2C2C106672A72E /* libiphone.xcodeproj */;
			proxyType = 1;
			remoteGlobalIDString = DF9EFCE07E9B268B2E0F33E0;
			remoteInfo = All;
		};
		C5D35C5B387153E2B1CB8416 /* PBXContainerItemProxy */ = {
			isa = PBXContainerItemProxy;
			containerPortal = 06BE603D4E2C2C106672A72E /* libiphone.xcodeproj */;
			proxyType = 2;
			remoteGlobalIDString = F9C06C99875FECBDA37ACDB1;
			remoteInfo = All;
		};
		E1E99EFF5E17F9412D626477 /* PBXContainerItemProxy */ = {
			isa = PBXContainerItemProxy;
			containerPortal = 8DDA502B2376C2186B3035BF /* Project object */;
			proxyType = 1;
			remoteGlobalIDString = 7CE374150F92352DB04990D1;
			remoteInfo = "All Support";
		};
/* End PBXContainerItemProxy section */

/* Begin PBXCopyFilesBuildPhase section */
		BD71C77C892E9B2EB854741A /* Copy to $(INTERMEDIATE_DIR)/ */ = {
			isa = PBXCopyFilesBuildPhase;
			buildActionMask = 2147483647;
			dstPath = "$(INTERMEDIATE_DIR)/";
			dstSubfolderSpec = 0;
			files = (
				80AE244F072BB6ED913C1A69 /* libiphone_ios_universal.a in Copy to $(INTERMEDIATE_DIR)/ */,
			);
			name = "Copy to $(INTERMEDIATE_DIR)/";
			runOnlyForDeploymentPostprocessing = 0;
		};
/* End PBXCopyFilesBuildPhase section */

/* Begin PBXFileReference section */
		06BE603D4E2C2C106672A72E /* libiphone.xcodeproj */ = {isa = PBXFileReference; lastKnownFileType = "wrapper.pb-project"; name = libiphone.xcodeproj; path = "../../lisp-packages/iphone/libiphone.xcodeproj"; sourceTree = SOURCE_ROOT; };
		0812A6B72C77060E1DA6FD0B /* Foundation.framework */ = {isa = PBXFileReference; lastKnownFileType = wrapper.framework; name = Foundation.framework; path = System/Library/Frameworks/Foundation.framework; sourceTree = SDKROOT; };
		141A3E5057D26D6E314C1890 /* libiphone_ios_universal.a */ = {isa = PBXFileReference; lastKnownFileType = archive.ar; path = libiphone_ios_universal.a; sourceTree = "<group>"; };
		209C24B2F683D41C5A531393 /* eclshell.app */ = {isa = PBXFileReference; explicitFileType = wrapper.application; includeInIndex = 0; path = eclshell.app; sourceTree = BUILT_PRODUCTS_DIR; };
		302A967485A6A4AA46DCCA46 /* GLKit.framework */ = {isa = PBXFileReference; lastKnownFileType = wrapper.framework; name = GLKit.framework; path = System/Library/Frameworks/GLKit.framework; sourceTree = SDKROOT; };
		32EABC1BCC72795A68F9391A /* ecl_boot.h */ = {isa = PBXFileReference; lastKnownFileType = sourcecode.c.h; path = ecl_boot.h; sourceTree = "<group>"; };
		347B3546B34231545FE1402E /* eclshellAppDelegate.m */ = {isa = PBXFileReference; lastKnownFileType = sourcecode.c.objc; path = eclshellAppDelegate.m; sourceTree = "<group>"; };
		3C8465526F59EF8BC04114B4 /* main.m */ = {isa = PBXFileReference; lastKnownFileType = sourcecode.c.objc; path = main.m; sourceTree = "<group>"; };
		4131DF8CD12F83603FD723AA /* eclshellAppDelegate.h */ = {isa = PBXFileReference; lastKnownFileType = sourcecode.c.h; path = eclshellAppDelegate.h; sourceTree = "<group>"; };
		465AF1298708A906FFC9ED2F /* eclshell-Prefix.pch */ = {isa = PBXFileReference; lastKnownFileType = text; path = "eclshell-Prefix.pch"; sourceTree = "<group>"; };
		668C046B68172FBD576A73CD /* MainWindow.xib */ = {isa = PBXFileReference; lastKnownFileType = file.xib; path = MainWindow.xib; sourceTree = "<group>"; };
		68C68B64D9CFDC919E71F039 /* Icon.png */ = {isa = PBXFileReference; lastKnownFileType = image.png; path = Icon.png; sourceTree = "<group>"; };
		71961E12E2CB0E780BDC7FE5 /* libiphone_ios_universal.a */ = {isa = PBXFileReference; lastKnownFileType = archive.ar; path = libiphone_ios_universal.a; sourceTree = INTERMEDIATE_DIR; };
		9C7775CAC966E2C23B0B746E /* UIKit.framework */ = {isa = PBXFileReference; lastKnownFileType = wrapper.framework; name = UIKit.framework; path = System/Library/Frameworks/UIKit.framework; sourceTree = SDKROOT; };
		A0C9886F228B0D8E78158152 /* CoreGraphics.framework */ = {isa = PBXFileReference; lastKnownFileType = wrapper.framework; name = CoreGraphics.framework; path = System/Library/Frameworks/CoreGraphics.framework; sourceTree = SDKROOT; };
		A2A09AD79C76FF96B1457674 /* ecl_boot.c */ = {isa = PBXFileReference; lastKnownFileType = sourcecode.c.c; path = ecl_boot.c; sourceTree = "<group>"; };
		B34E96A5E76D776D24F142CE /* help.doc */ = {isa = PBXFileReference; lastKnownFileType = text; path = help.doc; sourceTree = "<group>"; };
		B6AD473E5409F02914ABF961 /* init.lisp */ = {isa = PBXFileReference; lastKnownFileType = text; path = init.lisp; sourceTree = "<group>"; };
		B7DD5DA7F6F7B48B7924969C /* common.gypi */ = {isa = PBXFileReference; lastKnownFileType = text; name = common.gypi; path = ../../utils/gyp_includes/common.gypi; sourceTree = "<group>"; };
		BBD6A3C505940196D1FF854A /* slime */ = {isa = PBXFileReference; lastKnownFileType = text; path = slime; sourceTree = "<group>"; };
		EB068470A7C3F140E8C315A0 /* OpenGLES.framework */ = {isa = PBXFileReference; lastKnownFileType = wrapper.framework; name = OpenGLES.framework; path = System/Library/Frameworks/OpenGLES.framework; sourceTree = SDKROOT; };
		F25DF1DB1EA31298130BF195 /* common_ecl.gypi */ = {isa = PBXFileReference; lastKnownFileType = text; name = common_ecl.gypi; path = ../../utils/gyp_includes/common_ecl.gypi; sourceTree = "<group>"; };
		F6AF8DE7746FB93A279BA376 /* eclshell.gyp */ = {isa = PBXFileReference; lastKnownFileType = text; path = eclshell.gyp; sourceTree = "<group>"; };
/* End PBXFileReference section */

/* Begin PBXFrameworksBuildPhase section */
		DDB0D14E1F520453F00445BA /* Frameworks */ = {
			isa = PBXFrameworksBuildPhase;
			buildActionMask = 2147483647;
			files = (
				80870A1E31806EDD9BA5678F /* libiphone.a in Frameworks */,
				4E96C5CE3F3F6D308C7C9860 /* Foundation.framework in Frameworks */,
				FF91951B89CC8E1A6258C271 /* UIKit.framework in Frameworks */,
				A1E34085D5068B372F553343 /* CoreGraphics.framework in Frameworks */,
				361CF588E522FDDFBF2EF553 /* OpenGLES.framework in Frameworks */,
				5ABDDD452476DD5E143CD656 /* GLKit.framework in Frameworks */,
				678B07A153CB4AED6F4A61CA /* libiphone_ios_universal.a in Frameworks */,
			);
			runOnlyForDeploymentPostprocessing = 0;
		};
/* End PBXFrameworksBuildPhase section */

/* Begin PBXGroup section */
		1B05FA1E635448B2732487A7 /* ../.. */ = {
			isa = PBXGroup;
			children = (
				BBD6A3C505940196D1FF854A /* slime */,
			);
			path = ../..;
			sourceTree = "<group>";
		};
		1D081A2FF59CE4E94497F90C = {
			isa = PBXGroup;
			children = (
				856100B774055A858FC5A2C9 /* Source */,
				BB9FA4E8A43BBFBCE4C1C7A8 /* Projects */,
				DAF3F3C566D105CD80BC215E /* Frameworks */,
				C167CC23ED46BB31B15C0363 /* Products */,
				20BF9E40310CF32509123591 /* Build */,
			);
			sourceTree = "<group>";
		};
		20BF9E40310CF32509123591 /* Build */ = {
			isa = PBXGroup;
			children = (
				B7DD5DA7F6F7B48B7924969C /* common.gypi */,
				F25DF1DB1EA31298130BF195 /* common_ecl.gypi */,
				F6AF8DE7746FB93A279BA376 /* eclshell.gyp */,
			);
			name = Build;
			sourceTree = "<group>";
		};
		856100B774055A858FC5A2C9 /* Source */ = {
			isa = PBXGroup;
			children = (
				1B05FA1E635448B2732487A7 /* ../.. */,
				8DAD08CB8320AE5D7DC13F91 /* Classes */,
				68C68B64D9CFDC919E71F039 /* Icon.png */,
				668C046B68172FBD576A73CD /* MainWindow.xib */,
				A2A09AD79C76FF96B1457674 /* ecl_boot.c */,
				32EABC1BCC72795A68F9391A /* ecl_boot.h */,
				465AF1298708A906FFC9ED2F /* eclshell-Prefix.pch */,
				B34E96A5E76D776D24F142CE /* help.doc */,
				B6AD473E5409F02914ABF961 /* init.lisp */,
				141A3E5057D26D6E314C1890 /* libiphone_ios_universal.a */,
				3C8465526F59EF8BC04114B4 /* main.m */,
			);
			name = Source;
			sourceTree = "<group>";
		};
		8DAD08CB8320AE5D7DC13F91 /* Classes */ = {
			isa = PBXGroup;
			children = (
				4131DF8CD12F83603FD723AA /* eclshellAppDelegate.h */,
				347B3546B34231545FE1402E /* eclshellAppDelegate.m */,
			);
			path = Classes;
			sourceTree = "<group>";
		};
		BB9FA4E8A43BBFBCE4C1C7A8 /* Projects */ = {
			isa = PBXGroup;
			children = (
				06BE603D4E2C2C106672A72E /* libiphone.xcodeproj */,
			);
			name = Projects;
			sourceTree = "<group>";
		};
		C167CC23ED46BB31B15C0363 /* Products */ = {
			isa = PBXGroup;
			children = (
				209C24B2F683D41C5A531393 /* eclshell.app */,
			);
			name = Products;
			sourceTree = "<group>";
		};
		DAF3F3C566D105CD80BC215E /* Frameworks */ = {
			isa = PBXGroup;
			children = (
				A0C9886F228B0D8E78158152 /* CoreGraphics.framework */,
				0812A6B72C77060E1DA6FD0B /* Foundation.framework */,
				302A967485A6A4AA46DCCA46 /* GLKit.framework */,
				EB068470A7C3F140E8C315A0 /* OpenGLES.framework */,
				9C7775CAC966E2C23B0B746E /* UIKit.framework */,
				71961E12E2CB0E780BDC7FE5 /* libiphone_ios_universal.a */,
			);
			name = Frameworks;
			sourceTree = "<group>";
		};
		DFD5F26D9C0A6B8A2162A818 /* Products */ = {
			isa = PBXGroup;
			children = (
				AA6A6F51657C2698F8AF1BD3 /* libiphone.a */,
			);
			name = Products;
			sourceTree = "<group>";
		};
/* End PBXGroup section */

/* Begin PBXNativeTarget section */
		8F35AE208F784D190770E21C /* All */ = {
			isa = PBXNativeTarget;
			buildConfigurationList = FA123908CDF1BB5DF2475F93 /* Build configuration list for PBXNativeTarget "All" */;
			buildPhases = (
				BD71C77C892E9B2EB854741A /* Copy to $(INTERMEDIATE_DIR)/ */,
				2F93D1723E860FC883596B06 /* Resources */,
				8A031D633C218B4DD9295521 /* Sources */,
				DDB0D14E1F520453F00445BA /* Frameworks */,
			);
			buildRules = (
			);
			dependencies = (
				6E45D02F2F9A4256E6B8CB4D /* PBXTargetDependency */,
				2E1FADA54E28571732B04FD2 /* PBXTargetDependency */,
			);
			name = All;
			productName = eclshell;
			productReference = 209C24B2F683D41C5A531393 /* eclshell.app */;
			productType = "com.apple.product-type.application";
		};
/* End PBXNativeTarget section */

/* Begin PBXProject section */
		8DDA502B2376C2186B3035BF /* Project object */ = {
			isa = PBXProject;
			attributes = {
				BuildIndependentTargetsInParallel = YES;
			};
			buildConfigurationList = 8F44EF44BB8ECE85DB6F8E92 /* Build configuration list for PBXProject "eclshell" */;
			compatibilityVersion = "Xcode 3.2";
			developmentRegion = English;
			hasScannedForEncodings = 1;
			knownRegions = (
				en,
			);
			mainGroup = 1D081A2FF59CE4E94497F90C;
			projectDirPath = "";
			projectReferences = (
				{
					ProductGroup = DFD5F26D9C0A6B8A2162A818 /* Products */;
					ProjectRef = 06BE603D4E2C2C106672A72E /* libiphone.xcodeproj */;
				},
			);
			projectRoot = "";
			targets = (
				8F35AE208F784D190770E21C /* All */,
				7CE374150F92352DB04990D1 /* All Support */,
			);
		};
/* End PBXProject section */

/* Begin PBXReferenceProxy section */
		AA6A6F51657C2698F8AF1BD3 /* libiphone.a */ = {
			isa = PBXReferenceProxy;
			fileType = archive.ar;
			path = libiphone.a;
			remoteRef = C5D35C5B387153E2B1CB8416 /* PBXContainerItemProxy */;
			sourceTree = BUILT_PRODUCTS_DIR;
		};
/* End PBXReferenceProxy section */

/* Begin PBXResourcesBuildPhase section */
		2F93D1723E860FC883596B06 /* Resources */ = {
			isa = PBXResourcesBuildPhase;
			buildActionMask = 2147483647;
			files = (
				234C1C0FB8D839474AFA8B66 /* Icon.png in Resources */,
				A69FBAC8A017091C3B4F81ED /* MainWindow.xib in Resources */,
				8001569B64C8BD1D19EC0BF2 /* init.lisp in Resources */,
				11CE2CD55552216CB871D1D6 /* help.doc in Resources */,
				457E24673B9D416CF448DB37 /* slime in Resources */,
			);
			runOnlyForDeploymentPostprocessing = 0;
		};
/* End PBXResourcesBuildPhase section */

/* Begin PBXShellScriptBuildPhase section */
		154B4A8AAA0CFD0A858C390E /* Action "genlibiphone" */ = {
			isa = PBXShellScriptBuildPhase;
			buildActionMask = 2147483647;
			files = (
			);
			inputPaths = (
			);
			name = "Action \"genlibiphone\"";
			outputPaths = (
				libiphone_ios_universal.a,
			);
			runOnlyForDeploymentPostprocessing = 0;
			shellPath = /bin/sh;
			shellScript = "exec make\nexit 1\n";
			showEnvVarsInLog = 0;
		};
/* End PBXShellScriptBuildPhase section */

/* Begin PBXSourcesBuildPhase section */
		8A031D633C218B4DD9295521 /* Sources */ = {
			isa = PBXSourcesBuildPhase;
			buildActionMask = 2147483647;
			files = (
				4C47C3D6678A07BB08F77015 /* eclshellAppDelegate.m in Sources */,
				7AF875E7C8A956B7A16329C0 /* ecl_boot.c in Sources */,
				584B76F2BE3151BAABCCC3A9 /* main.m in Sources */,
			);
			runOnlyForDeploymentPostprocessing = 0;
		};
/* End PBXSourcesBuildPhase section */

/* Begin PBXTargetDependency section */
		2E1FADA54E28571732B04FD2 /* PBXTargetDependency */ = {
			isa = PBXTargetDependency;
			name = All;
			targetProxy = 2C5E16FC8B6C456D8A3C69F9 /* PBXContainerItemProxy */;
		};
		6E45D02F2F9A4256E6B8CB4D /* PBXTargetDependency */ = {
			isa = PBXTargetDependency;
			target = 7CE374150F92352DB04990D1 /* All Support */;
			targetProxy = E1E99EFF5E17F9412D626477 /* PBXContainerItemProxy */;
		};
		FDD69E388AD16A205EF9B85A /* PBXTargetDependency */ = {
			isa = PBXTargetDependency;
			name = All;
			targetProxy = 8D9217416A58D5433011ACF5 /* PBXContainerItemProxy */;
		};
/* End PBXTargetDependency section */

/* Begin XCBuildConfiguration section */
		99C44F8CC9F3FE1E436A1CB5 /* Release_Base */ = {
			isa = XCBuildConfiguration;
			buildSettings = {
				INTERMEDIATE_DIR = "$(PROJECT_DERIVED_FILE_DIR)/$(CONFIGURATION)";
				SHARED_INTERMEDIATE_DIR = "$(SYMROOT)/DerivedSources/$(CONFIGURATION)";
			};
			name = Release_Base;
		};
		B830284835C973D5B39FE5D6 /* Release_Base */ = {
			isa = XCBuildConfiguration;
			buildSettings = {
				PRODUCT_NAME = "eclshell Support";
			};
			name = Release_Base;
		};
		F5D9CE2BAE6517A21082AF2B /* Release_Base */ = {
			isa = XCBuildConfiguration;
			buildSettings = {
				ALWAYS_SEARCH_USER_PATHS = NO;
				ARCHS = "$(ARCHS_UNIVERSAL_IPHONE_OS)";
				CLANG_ENABLE_OBJC_ARC = NO;
				CLANG_LINK_OBJC_RUNTIME = NO;
				"CODE_SIGN_IDENTITY[sdk=iphoneos*]" = "iPhone Developer";
				DEPLOYMENT_POSTPROCESSING = YES;
				GCC_CW_ASM_SYNTAX = NO;
				GCC_C_LANGUAGE_STANDARD = c99;
				GCC_ENABLE_CPP_EXCEPTIONS = NO;
				GCC_ENABLE_CPP_RTTI = NO;
				GCC_ENABLE_PASCAL_STRINGS = NO;
				GCC_INLINES_ARE_PRIVATE_EXTERN = YES;
				GCC_OBJC_CALL_CXX_CDTORS = YES;
				GCC_PRECOMPILE_PREFIX_HEADER = YES;
				GCC_PREFIX_HEADER = "./eclshell-Prefix.pch";
				GCC_SYMBOLS_PRIVATE_EXTERN = YES;
				GCC_THREADSAFE_STATICS = NO;
				GCC_TREAT_WARNINGS_AS_ERRORS = YES;
				GCC_WARN_ABOUT_MISSING_NEWLINE = YES;
				HEADER_SEARCH_PATHS = (
					/opt/ecl/iPhoneUniversal/include,
					/opt/gmp/iPhoneUniversal/include,
					.,
					"../../lisp-packages/iphone/libiphone",
				);
				INFOPLIST_FILE = "./eclshell-Info.plist";
				IPHONEOS_DEPLOYMENT_TARGET = 4.3;
				LIBRARY_SEARCH_PATHS = (
					"$(SDKROOT)/System/Library/Frameworks",
					"$(INTERMEDIATE_DIR)",
				);
				OTHER_LDFLAGS = (
					"-L/opt/ecl/iPhoneUniversal/lib",
					"-L/opt/ecl/iPhoneUniversal/lib/ecl-12.12.1",
					"-L/opt/gmp/iPhoneUniversal/lib",
					"-lasdf",
					"-ldeflate",
					"-ldefsystem",
					"-lecl-cdb",
					"-lecl-curl",
					"-lecl-help",
					"-lecl-quicklisp",
					"-lprofile",
					"-lql-minitar",
					"-lrt",
					"-lsb-bsd-sockets",
					"-lserve-event",
					"-lsockets",
					"-lecl",
					"-leclatomic",
					"-leclgc",
					"-lgmp",
					"-L.",
				);
				PRODUCT_NAME = eclshell;
				SDKROOT = /Applications/Xcode.app/Contents/Developer/Platforms/iPhoneOS.platform/Developer/SDKs/iPhoneOS6.0.sdk;
				STRIP_INSTALLED_PRODUCT = YES;
				TARGETED_DEVICE_FAMILY = "1,2";
				USE_HEADERMAP = NO;
				WRAPPER_PREFIX = "";
			};
			name = Release_Base;
		};
/* End XCBuildConfiguration section */

/* Begin XCConfigurationList section */
		06B885FAEC1C63100533E83F /* Build configuration list for PBXAggregateTarget "All Support" */ = {
			isa = XCConfigurationList;
			buildConfigurations = (
				B830284835C973D5B39FE5D6 /* Release_Base */,
			);
			defaultConfigurationIsVisible = 1;
			defaultConfigurationName = Release_Base;
		};
		8F44EF44BB8ECE85DB6F8E92 /* Build configuration list for PBXProject "eclshell" */ = {
			isa = XCConfigurationList;
			buildConfigurations = (
				99C44F8CC9F3FE1E436A1CB5 /* Release_Base */,
			);
			defaultConfigurationIsVisible = 1;
			defaultConfigurationName = Release_Base;
		};
		FA123908CDF1BB5DF2475F93 /* Build configuration list for PBXNativeTarget "All" */ = {
			isa = XCConfigurationList;
			buildConfigurations = (
				F5D9CE2BAE6517A21082AF2B /* Release_Base */,
			);
			defaultConfigurationIsVisible = 1;
			defaultConfigurationName = Release_Base;
		};
/* End XCConfigurationList section */
	};
	rootObject = 8DDA502B2376C2186B3035BF /* Project object */;
}
